
Microsoft Visual Studio Solution File, Format Version 12.00
# Visual Studio 15
VisualStudioVersion = 15.0.28307.271
MinimumVisualStudioVersion = 10.0.40219.1
Project("{FAE04EC0-301F-11D3-BF4B-00C04F79EFBC}") = "IFCTerrain", "IFCTerrain\IFCTerrain.csproj", "{570CB18E-557B-467F-80A3-F53577E59644}"
EndProject
Project("{FAE04EC0-301F-11D3-BF4B-00C04F79EFBC}") = "IFCTerrainGUI", "IFCTerrainGUI\IFCTerrainGUI.csproj", "{051D6951-CFE0-4E2E-B29E-95558DBC5CEC}"
EndProject
Project("{FAE04EC0-301F-11D3-BF4B-00C04F79EFBC}") = "IFCTerrainCommand", "IFCTerrainCommand\IFCTerrainCommand.csproj", "{CF5AA5A5-C33F-42B3-AB53-FEEB2430F02C}"
EndProject
Global
	GlobalSection(SolutionConfigurationPlatforms) = preSolution
		Debug|Any CPU = Debug|Any CPU
		Debug|x64 = Debug|x64
		Release|Any CPU = Release|Any CPU
		Release|x64 = Release|x64
	EndGlobalSection
	GlobalSection(ProjectConfigurationPlatforms) = postSolution
		{570CB18E-557B-467F-80A3-F53577E59644}.Debug|Any CPU.ActiveCfg = Debug|Any CPU
		{570CB18E-557B-467F-80A3-F53577E59644}.Debug|Any CPU.Build.0 = Debug|Any CPU
		{570CB18E-557B-467F-80A3-F53577E59644}.Debug|x64.ActiveCfg = Debug|x64
		{570CB18E-557B-467F-80A3-F53577E59644}.Debug|x64.Build.0 = Debug|x64
		{570CB18E-557B-467F-80A3-F53577E59644}.Release|Any CPU.ActiveCfg = Release|Any CPU
		{570CB18E-557B-467F-80A3-F53577E59644}.Release|Any CPU.Build.0 = Release|Any CPU
		{570CB18E-557B-467F-80A3-F53577E59644}.Release|x64.ActiveCfg = Release|x64
		{570CB18E-557B-467F-80A3-F53577E59644}.Release|x64.Build.0 = Release|x64
		{051D6951-CFE0-4E2E-B29E-95558DBC5CEC}.Debug|Any CPU.ActiveCfg = Debug|Any CPU
		{051D6951-CFE0-4E2E-B29E-95558DBC5CEC}.Debug|Any CPU.Build.0 = Debug|Any CPU
		{051D6951-CFE0-4E2E-B29E-95558DBC5CEC}.Debug|x64.ActiveCfg = Debug|x64
		{051D6951-CFE0-4E2E-B29E-95558DBC5CEC}.Debug|x64.Build.0 = Debug|x64
		{051D6951-CFE0-4E2E-B29E-95558DBC5CEC}.Release|Any CPU.ActiveCfg = Release|Any CPU
		{051D6951-CFE0-4E2E-B29E-95558DBC5CEC}.Release|Any CPU.Build.0 = Release|Any CPU
		{051D6951-CFE0-4E2E-B29E-95558DBC5CEC}.Release|x64.ActiveCfg = Release|x64
		{051D6951-CFE0-4E2E-B29E-95558DBC5CEC}.Release|x64.Build.0 = Release|x64
		{CF5AA5A5-C33F-42B3-AB53-FEEB2430F02C}.Debug|Any CPU.ActiveCfg = Debug|Any CPU
		{CF5AA5A5-C33F-42B3-AB53-FEEB2430F02C}.Debug|Any CPU.Build.0 = Debug|Any CPU
		{CF5AA5A5-C33F-42B3-AB53-FEEB2430F02C}.Debug|x64.ActiveCfg = Debug|x64
		{CF5AA5A5-C33F-42B3-AB53-FEEB2430F02C}.Debug|x64.Build.0 = Debug|x64
		{CF5AA5A5-C33F-42B3-AB53-FEEB2430F02C}.Release|Any CPU.ActiveCfg = Release|Any CPU
		{CF5AA5A5-C33F-42B3-AB53-FEEB2430F02C}.Release|Any CPU.Build.0 = Release|Any CPU
		{CF5AA5A5-C33F-42B3-AB53-FEEB2430F02C}.Release|x64.ActiveCfg = Release|x64
		{CF5AA5A5-C33F-42B3-AB53-FEEB2430F02C}.Release|x64.Build.0 = Release|x64
	EndGlobalSection
	GlobalSection(SolutionProperties) = preSolution
		HideSolutionNode = FALSE
	EndGlobalSection
	GlobalSection(ExtensibilityGlobals) = postSolution
		SolutionGuid = {A455BEE1-7147-4821-9236-0F4198AE008A}
	EndGlobalSection
EndGlobal
